
Microsoft Visual Studio Solution File, Format Version 12.00
# Visual Studio Version 17
VisualStudioVersion = 17.9.34723.18
MinimumVisualStudioVersion = 10.0.40219.1
Project("{9A19103F-16F7-4668-BE54-9A1E7A4F7556}") = "EducationApp.API", "EducationApp.API\EducationApp.API.csproj", "{D4C02F89-B522-492C-8FDC-F03EB6F4F7EE}"
EndProject
Project("{9A19103F-16F7-4668-BE54-9A1E7A4F7556}") = "EducationApp.Core", "EducationApp.Core\EducationApp.Core.csproj", "{93FC7AD2-A6C3-4FEC-8291-C0F372526FE4}"
EndProject
Project("{9A19103F-16F7-4668-BE54-9A1E7A4F7556}") = "EducationApp.Data", "EducationApp.Data\EducationApp.Data.csproj", "{A3A8AD9E-DB37-4487-B979-4FF655AEEE7E}"
EndProject
Project("{FAE04EC0-301F-11D3-BF4B-00C04F79EFBC}") = "EducationApp.Service", "EducationApp.Service\EducationApp.Service.csproj", "{C28FC213-E3C9-4803-A0C9-ADC647C7C713}"
EndProject
Global
	GlobalSection(SolutionConfigurationPlatforms) = preSolution
		Debug|Any CPU = Debug|Any CPU
		Release|Any CPU = Release|Any CPU
	EndGlobalSection
	GlobalSection(ProjectConfigurationPlatforms) = postSolution
		{D4C02F89-B522-492C-8FDC-F03EB6F4F7EE}.Debug|Any CPU.ActiveCfg = Debug|Any CPU
		{D4C02F89-B522-492C-8FDC-F03EB6F4F7EE}.Debug|Any CPU.Build.0 = Debug|Any CPU
		{D4C02F89-B522-492C-8FDC-F03EB6F4F7EE}.Release|Any CPU.ActiveCfg = Release|Any CPU
		{D4C02F89-B522-492C-8FDC-F03EB6F4F7EE}.Release|Any CPU.Build.0 = Release|Any CPU
		{93FC7AD2-A6C3-4FEC-8291-C0F372526FE4}.Debug|Any CPU.ActiveCfg = Debug|Any CPU
		{93FC7AD2-A6C3-4FEC-8291-C0F372526FE4}.Debug|Any CPU.Build.0 = Debug|Any CPU
		{93FC7AD2-A6C3-4FEC-8291-C0F372526FE4}.Release|Any CPU.ActiveCfg = Release|Any CPU
		{93FC7AD2-A6C3-4FEC-8291-C0F372526FE4}.Release|Any CPU.Build.0 = Release|Any CPU
		{A3A8AD9E-DB37-4487-B979-4FF655AEEE7E}.Debug|Any CPU.ActiveCfg = Debug|Any CPU
		{A3A8AD9E-DB37-4487-B979-4FF655AEEE7E}.Debug|Any CPU.Build.0 = Debug|Any CPU
		{A3A8AD9E-DB37-4487-B979-4FF655AEEE7E}.Release|Any CPU.ActiveCfg = Release|Any CPU
		{A3A8AD9E-DB37-4487-B979-4FF655AEEE7E}.Release|Any CPU.Build.0 = Release|Any CPU
		{C28FC213-E3C9-4803-A0C9-ADC647C7C713}.Debug|Any CPU.ActiveCfg = Debug|Any CPU
		{C28FC213-E3C9-4803-A0C9-ADC647C7C713}.Debug|Any CPU.Build.0 = Debug|Any CPU
		{C28FC213-E3C9-4803-A0C9-ADC647C7C713}.Release|Any CPU.ActiveCfg = Release|Any CPU
		{C28FC213-E3C9-4803-A0C9-ADC647C7C713}.Release|Any CPU.Build.0 = Release|Any CPU
	EndGlobalSection
	GlobalSection(SolutionProperties) = preSolution
		HideSolutionNode = FALSE
	EndGlobalSection
	GlobalSection(ExtensibilityGlobals) = postSolution
		SolutionGuid = {4E396229-BFF1-49E0-AB5B-129F30303AEB}
	EndGlobalSection
EndGlobal
